PODS:
  - Idioms (1.6.0)
  - ShellInterface (0.3.0)
  - SourcererArchiver (0.1.0):
    - Idioms
    - ShellInterface
  - SourcererUnarchiver (0.1.0):
    - SourceryRuntime
  - Sourcery (0.17.0)
  - SourceryRuntime (0.0.1)
  - SwiftFeature (0.1.0):
    - SourceryRuntime
    - SwiftTypes
    - SwiftTypesMappers
  - SwiftFeature/Tests (0.1.0):
    - SourceryRuntime
    - SwiftTypes
    - SwiftTypesMappers
  - SwiftLint (0.35.0)
  - SwiftTypes (0.1.0)
  - SwiftTypes/Tests (0.1.0)
  - SwiftTypesMappers (0.1.0):
    - Idioms
    - SourceryRuntime
    - SwiftTypes
  - SwiftTypesMappers/Tests (0.1.0):
    - Idioms
    - SourceryRuntime
    - SwiftTypes
  - SwiftWrappable (0.1.0):
    - SourceryRuntime
    - SwiftTypes
    - SwiftTypesMappers
  - SwiftWrappable/Tests (0.1.0):
    - SourceryRuntime
    - SwiftTypes
    - SwiftTypesMappers

DEPENDENCIES:
  - SourcererArchiver (from `https://github.com/hectr/swift-sourcerer.git`)
  - SourcererUnarchiver (from `https://github.com/hectr/swift-sourcerer.git`)
  - Sourcery
  - SourceryRuntime (from `https://github.com/hectr/swift-sourcerer.git`)
  - SwiftFeature (from `.`)
  - SwiftFeature/Tests (from `.`)
  - SwiftLint
  - SwiftTypes (from `.`)
  - SwiftTypes/Tests (from `.`)
  - SwiftTypesMappers (from `.`)
  - SwiftTypesMappers/Tests (from `.`)
  - SwiftWrappable (from `.`)
  - SwiftWrappable/Tests (from `.`)

SPEC REPOS:
  https://github.com/cocoapods/specs.git:
    - Idioms
    - ShellInterface
    - Sourcery
    - SwiftLint

EXTERNAL SOURCES:
  SourcererArchiver:
    :git: https://github.com/hectr/swift-sourcerer.git
  SourcererUnarchiver:
    :git: https://github.com/hectr/swift-sourcerer.git
  SourceryRuntime:
    :git: https://github.com/hectr/swift-sourcerer.git
  SwiftFeature:
    :path: "."
  SwiftTypes:
    :path: "."
  SwiftTypesMappers:
    :path: "."
  SwiftWrappable:
    :path: "."

CHECKOUT OPTIONS:
  SourcererArchiver:
    :commit: f4eb1f1dcf38ab8b038e9d5b8978ea4dbdc2b2e3
    :git: https://github.com/hectr/swift-sourcerer.git
  SourcererUnarchiver:
    :commit: f4eb1f1dcf38ab8b038e9d5b8978ea4dbdc2b2e3
    :git: https://github.com/hectr/swift-sourcerer.git
  SourceryRuntime:
    :commit: f4eb1f1dcf38ab8b038e9d5b8978ea4dbdc2b2e3
    :git: https://github.com/hectr/swift-sourcerer.git

SPEC CHECKSUMS:
  Idioms: 0cbd92bf614775c0e992b4ca3053f5b000686fe1
  ShellInterface: 84aad41857229d6730bb868f2e2d2764bdf1a09a
  SourcererArchiver: 643b9662eeed2c5bd85e18b54b59d572b591bff0
  SourcererUnarchiver: 2ee23e529a16b9dd69ee49eeed41cc9a367074e5
  Sourcery: 3ed61be7c8a1218fce349266139379dba477efe0
  SourceryRuntime: f4cc0fe7357eecee1147bb7f1d5328114d03ea68
  SwiftFeature: 0ac22c29e0530934a870eb89247c055e8e2b28ac
  SwiftLint: 5553187048b900c91aa03552807681bb6b027846
  SwiftTypes: e5e585b6d998b1bad7aa85ed11dc27d1cf77b43d
  SwiftTypesMappers: a53593f8e482cf01f0fbb5ec628d56c5920923b9
  SwiftWrappable: 654ee3a7f2add56d0bf01f3fbac662652f66f86d

PODFILE CHECKSUM: a3d6913ea434742efaff18f9ee1a36307c81ec44

COCOAPODS: 1.7.4
