<?xml version="1.0" encoding="UTF-8"?>
<Scheme
   LastUpgradeVersion = "1030"
   version = "1.3">
   <BuildAction
      parallelizeBuildables = "YES"
      buildImplicitDependencies = "YES">
      <BuildActionEntries>
         <BuildActionEntry
            buildForTesting = "YES"
            buildForRunning = "YES"
            buildForProfiling = "YES"
            buildForArchiving = "YES"
            buildForAnalyzing = "YES">
            <BuildableReference
               BuildableIdentifier = "primary"
               BlueprintIdentifier = "C4886F282225E29D00387325"
               BuildableName = "analyze"
               BlueprintName = "analyze"
               ReferencedContainer = "container:analyze.xcodeproj">
            </BuildableReference>
         </BuildActionEntry>
      </BuildActionEntries>
   </BuildAction>
   <TestAction
      buildConfiguration = "Debug"
      selectedDebuggerIdentifier = "Xcode.DebuggerFoundation.Debugger.LLDB"
      selectedLauncherIdentifier = "Xcode.DebuggerFoundation.Launcher.LLDB"
      shouldUseLaunchSchemeArgsEnv = "YES">
      <Testables>
         <TestableReference
            skipped = "NO">
            <BuildableReference
               BuildableIdentifier = "primary"
               BlueprintIdentifier = "BADCBCEB75D8C1B4510D6BA9FD4176C4"
               BuildableName = "SwiftFeature-Unit-Tests.xctest"
               BlueprintName = "SwiftFeature-Unit-Tests"
               ReferencedContainer = "container:Pods/Pods.xcodeproj">
            </BuildableReference>
         </TestableReference>
         <TestableReference
            skipped = "NO">
            <BuildableReference
               BuildableIdentifier = "primary"
               BlueprintIdentifier = "565CF5DF720CE86A1BBA4B4FF7341FFD"
               BuildableName = "SwiftTypes-Unit-Tests.xctest"
               BlueprintName = "SwiftTypes-Unit-Tests"
               ReferencedContainer = "container:Pods/Pods.xcodeproj">
            </BuildableReference>
         </TestableReference>
         <TestableReference
            skipped = "NO">
            <BuildableReference
               BuildableIdentifier = "primary"
               BlueprintIdentifier = "022D5A013F1EBFE8E8324C6812D777A1"
               BuildableName = "SwiftTypesMappers-Unit-Tests.xctest"
               BlueprintName = "SwiftTypesMappers-Unit-Tests"
               ReferencedContainer = "container:Pods/Pods.xcodeproj">
            </BuildableReference>
         </TestableReference>
         <TestableReference
            skipped = "NO">
            <BuildableReference
               BuildableIdentifier = "primary"
               BlueprintIdentifier = "C243CD06617B185E289DF2C6B575B00C"
               BuildableName = "SwiftWrappable-Unit-Tests.xctest"
               BlueprintName = "SwiftWrappable-Unit-Tests"
               ReferencedContainer = "container:Pods/Pods.xcodeproj">
            </BuildableReference>
         </TestableReference>
      </Testables>
      <MacroExpansion>
         <BuildableReference
            BuildableIdentifier = "primary"
            BlueprintIdentifier = "C4886F282225E29D00387325"
            BuildableName = "analyze"
            BlueprintName = "analyze"
            ReferencedContainer = "container:analyze.xcodeproj">
         </BuildableReference>
      </MacroExpansion>
      <AdditionalOptions>
      </AdditionalOptions>
   </TestAction>
   <LaunchAction
      buildConfiguration = "Debug"
      selectedDebuggerIdentifier = "Xcode.DebuggerFoundation.Debugger.LLDB"
      selectedLauncherIdentifier = "Xcode.DebuggerFoundation.Launcher.LLDB"
      launchStyle = "0"
      useCustomWorkingDirectory = "NO"
      ignoresPersistentStateOnLaunch = "NO"
      debugDocumentVersioning = "YES"
      debugServiceExtension = "internal"
      allowLocationSimulation = "YES">
      <BuildableProductRunnable
         runnableDebuggingMode = "0">
         <BuildableReference
            BuildableIdentifier = "primary"
            BlueprintIdentifier = "C4886F282225E29D00387325"
            BuildableName = "analyze"
            BlueprintName = "analyze"
            ReferencedContainer = "container:analyze.xcodeproj">
         </BuildableReference>
      </BuildableProductRunnable>
      <CommandLineArguments>
         <CommandLineArgument
            argument = "$(SRCROOT)/Products/"
            isEnabled = "YES">
         </CommandLineArgument>
         <CommandLineArgument
            argument = "--sourcery-path $(PODS_ROOT)/Sourcery/bin/sourcery"
            isEnabled = "YES">
         </CommandLineArgument>
         <CommandLineArgument
            argument = "--sources $(SRCROOT)/Vendor/swift-stdlib/"
            isEnabled = "YES">
         </CommandLineArgument>
         <CommandLineArgument
            argument = "--verbose"
            isEnabled = "NO">
         </CommandLineArgument>
      </CommandLineArguments>
      <AdditionalOptions>
      </AdditionalOptions>
   </LaunchAction>
   <ProfileAction
      buildConfiguration = "Release"
      shouldUseLaunchSchemeArgsEnv = "YES"
      savedToolIdentifier = ""
      useCustomWorkingDirectory = "NO"
      debugDocumentVersioning = "YES">
      <BuildableProductRunnable
         runnableDebuggingMode = "0">
         <BuildableReference
            BuildableIdentifier = "primary"
            BlueprintIdentifier = "C4886F282225E29D00387325"
            BuildableName = "analyze"
            BlueprintName = "analyze"
            ReferencedContainer = "container:analyze.xcodeproj">
         </BuildableReference>
      </BuildableProductRunnable>
   </ProfileAction>
   <AnalyzeAction
      buildConfiguration = "Debug">
   </AnalyzeAction>
   <ArchiveAction
      buildConfiguration = "Release"
      revealArchiveInOrganizer = "YES">
   </ArchiveAction>
</Scheme>
