// !$*UTF8*$!
{
	archiveVersion = 1;
	classes = {
	};
	objectVersion = 50;
	objects = {

/* Begin PBXBuildFile section */
		C4886F2D2225E29D00387325 /* main.swift in Sources */ = {isa = PBXBuildFile; fileRef = C4886F2C2225E29D00387325 /* main.swift */; };
		ED10B7858422E317112C05C5 /* libPods-analyze.a in Frameworks */ = {isa = PBXBuildFile; fileRef = 0D24BDF1756B90E4A3C00D1F /* libPods-analyze.a */; };
/* End PBXBuildFile section */

/* Begin PBXCopyFilesBuildPhase section */
		C4886F272225E29D00387325 /* CopyFiles */ = {
			isa = PBXCopyFilesBuildPhase;
			buildActionMask = 2147483647;
			dstPath = /usr/share/man/man1/;
			dstSubfolderSpec = 0;
			files = (
			);
			runOnlyForDeploymentPostprocessing = 1;
		};
/* End PBXCopyFilesBuildPhase section */

/* Begin PBXFileReference section */
		0D24BDF1756B90E4A3C00D1F /* libPods-analyze.a */ = {isa = PBXFileReference; explicitFileType = archive.ar; includeInIndex = 0; path = "libPods-analyze.a"; sourceTree = BUILT_PRODUCTS_DIR; };
		1B7D272290A2FE2403C131BE /* Pods-analyze.release.xcconfig */ = {isa = PBXFileReference; includeInIndex = 1; lastKnownFileType = text.xcconfig; name = "Pods-analyze.release.xcconfig"; path = "Target Support Files/Pods-analyze/Pods-analyze.release.xcconfig"; sourceTree = "<group>"; };
		5730ADF111F8AE56F3F1708A /* Pods-analyze.debug.xcconfig */ = {isa = PBXFileReference; includeInIndex = 1; lastKnownFileType = text.xcconfig; name = "Pods-analyze.debug.xcconfig"; path = "Target Support Files/Pods-analyze/Pods-analyze.debug.xcconfig"; sourceTree = "<group>"; };
		C4886F292225E29D00387325 /* analyze */ = {isa = PBXFileReference; explicitFileType = "compiled.mach-o.executable"; includeInIndex = 0; path = analyze; sourceTree = BUILT_PRODUCTS_DIR; };
		C4886F2C2225E29D00387325 /* main.swift */ = {isa = PBXFileReference; lastKnownFileType = sourcecode.swift; path = main.swift; sourceTree = "<group>"; };
		C4C4661422273BB0008C335C /* README.md */ = {isa = PBXFileReference; lastKnownFileType = net.daringfireball.markdown; path = README.md; sourceTree = "<group>"; };
/* End PBXFileReference section */

/* Begin PBXFrameworksBuildPhase section */
		C4886F262225E29D00387325 /* Frameworks */ = {
			isa = PBXFrameworksBuildPhase;
			buildActionMask = 2147483647;
			files = (
				ED10B7858422E317112C05C5 /* libPods-analyze.a in Frameworks */,
			);
			runOnlyForDeploymentPostprocessing = 0;
		};
/* End PBXFrameworksBuildPhase section */

/* Begin PBXGroup section */
		6B5E047EDB07267500BB3F69 /* Pods */ = {
			isa = PBXGroup;
			children = (
				5730ADF111F8AE56F3F1708A /* Pods-analyze.debug.xcconfig */,
				1B7D272290A2FE2403C131BE /* Pods-analyze.release.xcconfig */,
			);
			path = Pods;
			sourceTree = "<group>";
		};
		7639688B6CCBF624FE8D1944 /* Frameworks */ = {
			isa = PBXGroup;
			children = (
				0D24BDF1756B90E4A3C00D1F /* libPods-analyze.a */,
			);
			name = Frameworks;
			sourceTree = "<group>";
		};
		C4886F202225E29D00387325 = {
			isa = PBXGroup;
			children = (
				C4C4661422273BB0008C335C /* README.md */,
				C4886F2B2225E29D00387325 /* analyze */,
				C4886F2A2225E29D00387325 /* Products */,
				6B5E047EDB07267500BB3F69 /* Pods */,
				7639688B6CCBF624FE8D1944 /* Frameworks */,
			);
			sourceTree = "<group>";
		};
		C4886F2A2225E29D00387325 /* Products */ = {
			isa = PBXGroup;
			children = (
				C4886F292225E29D00387325 /* analyze */,
			);
			name = Products;
			sourceTree = "<group>";
		};
		C4886F2B2225E29D00387325 /* analyze */ = {
			isa = PBXGroup;
			children = (
				C4886F2C2225E29D00387325 /* main.swift */,
			);
			path = analyze;
			sourceTree = "<group>";
		};
/* End PBXGroup section */

/* Begin PBXNativeTarget section */
		C4886F282225E29D00387325 /* analyze */ = {
			isa = PBXNativeTarget;
			buildConfigurationList = C4886F302225E29D00387325 /* Build configuration list for PBXNativeTarget "analyze" */;
			buildPhases = (
				C5CA1134C3893B2733BCF16D /* [CP] Check Pods Manifest.lock */,
				C4DF447223008E8B00B8D66E /* SwiftLint */,
				C4886F252225E29D00387325 /* Sources */,
				C4886F262225E29D00387325 /* Frameworks */,
				C4886F272225E29D00387325 /* CopyFiles */,
				C45800AC22FCED4F003CC301 /* Copy executable to ./Products/ */,
			);
			buildRules = (
			);
			dependencies = (
			);
			name = analyze;
			productName = analyze;
			productReference = C4886F292225E29D00387325 /* analyze */;
			productType = "com.apple.product-type.tool";
		};
/* End PBXNativeTarget section */

/* Begin PBXProject section */
		C4886F212225E29D00387325 /* Project object */ = {
			isa = PBXProject;
			attributes = {
				LastSwiftUpdateCheck = 1010;
				LastUpgradeCheck = 1010;
				TargetAttributes = {
					C4886F282225E29D00387325 = {
						CreatedOnToolsVersion = 10.1;
					};
				};
			};
			buildConfigurationList = C4886F242225E29D00387325 /* Build configuration list for PBXProject "analyze" */;
			compatibilityVersion = "Xcode 9.3";
			developmentRegion = en;
			hasScannedForEncodings = 0;
			knownRegions = (
				en,
			);
			mainGroup = C4886F202225E29D00387325;
			productRefGroup = C4886F2A2225E29D00387325 /* Products */;
			projectDirPath = "";
			projectRoot = "";
			targets = (
				C4886F282225E29D00387325 /* analyze */,
			);
		};
/* End PBXProject section */

/* Begin PBXShellScriptBuildPhase section */
		C45800AC22FCED4F003CC301 /* Copy executable to ./Products/ */ = {
			isa = PBXShellScriptBuildPhase;
			buildActionMask = 2147483647;
			files = (
			);
			inputFileListPaths = (
			);
			inputPaths = (
			);
			name = "Copy executable to ./Products/";
			outputFileListPaths = (
			);
			outputPaths = (
			);
			runOnlyForDeploymentPostprocessing = 0;
			shellPath = /bin/sh;
			shellScript = "mkdir -p ${SRCROOT}/Products\ncp ${BUILT_PRODUCTS_DIR}/${EXECUTABLE_NAME} ${SRCROOT}/Products/\n";
		};
		C4DF447223008E8B00B8D66E /* SwiftLint */ = {
			isa = PBXShellScriptBuildPhase;
			buildActionMask = 2147483647;
			files = (
			);
			inputFileListPaths = (
			);
			inputPaths = (
			);
			name = SwiftLint;
			outputFileListPaths = (
			);
			outputPaths = (
			);
			runOnlyForDeploymentPostprocessing = 0;
			shellPath = /bin/sh;
			shellScript = "#\"${PODS_ROOT}/SwiftLint/swiftlint\" --strict\n";
		};
		C5CA1134C3893B2733BCF16D /* [CP] Check Pods Manifest.lock */ = {
			isa = PBXShellScriptBuildPhase;
			buildActionMask = 2147483647;
			files = (
			);
			inputFileListPaths = (
			);
			inputPaths = (
				"${PODS_PODFILE_DIR_PATH}/Podfile.lock",
				"${PODS_ROOT}/Manifest.lock",
			);
			name = "[CP] Check Pods Manifest.lock";
			outputFileListPaths = (
			);
			outputPaths = (
				"$(DERIVED_FILE_DIR)/Pods-analyze-checkManifestLockResult.txt",
			);
			runOnlyForDeploymentPostprocessing = 0;
			shellPath = /bin/sh;
			shellScript = "diff \"${PODS_PODFILE_DIR_PATH}/Podfile.lock\" \"${PODS_ROOT}/Manifest.lock\" > /dev/null\nif [ $? != 0 ] ; then\n    # print error to STDERR\n    echo \"error: The sandbox is not in sync with the Podfile.lock. Run 'pod install' or update your CocoaPods installation.\" >&2\n    exit 1\nfi\n# This output is used by Xcode 'outputs' to avoid re-running this script phase.\necho \"SUCCESS\" > \"${SCRIPT_OUTPUT_FILE_0}\"\n";
			showEnvVarsInLog = 0;
		};
/* End PBXShellScriptBuildPhase section */

/* Begin PBXSourcesBuildPhase section */
		C4886F252225E29D00387325 /* Sources */ = {
			isa = PBXSourcesBuildPhase;
			buildActionMask = 2147483647;
			files = (
				C4886F2D2225E29D00387325 /* main.swift in Sources */,
			);
			runOnlyForDeploymentPostprocessing = 0;
		};
/* End PBXSourcesBuildPhase section */

/* Begin XCBuildConfiguration section */
		C4886F2E2225E29D00387325 /* Debug */ = {
			isa = XCBuildConfiguration;
			buildSettings = {
				ALWAYS_SEARCH_USER_PATHS = NO;
				CLANG_ANALYZER_NONNULL = YES;
				CLANG_ANALYZER_NUMBER_OBJECT_CONVERSION = YES_AGGRESSIVE;
				CLANG_CXX_LANGUAGE_STANDARD = "gnu++14";
				CLANG_CXX_LIBRARY = "libc++";
				CLANG_ENABLE_MODULES = YES;
				CLANG_ENABLE_OBJC_ARC = YES;
				CLANG_ENABLE_OBJC_WEAK = YES;
				CLANG_WARN_BLOCK_CAPTURE_AUTORELEASING = YES;
				CLANG_WARN_BOOL_CONVERSION = YES;
				CLANG_WARN_COMMA = YES;
				CLANG_WARN_CONSTANT_CONVERSION = YES;
				CLANG_WARN_DEPRECATED_OBJC_IMPLEMENTATIONS = YES;
				CLANG_WARN_DIRECT_OBJC_ISA_USAGE = YES_ERROR;
				CLANG_WARN_DOCUMENTATION_COMMENTS = YES;
				CLANG_WARN_EMPTY_BODY = YES;
				CLANG_WARN_ENUM_CONVERSION = YES;
				CLANG_WARN_INFINITE_RECURSION = YES;
				CLANG_WARN_INT_CONVERSION = YES;
				CLANG_WARN_NON_LITERAL_NULL_CONVERSION = YES;
				CLANG_WARN_OBJC_IMPLICIT_RETAIN_SELF = YES;
				CLANG_WARN_OBJC_LITERAL_CONVERSION = YES;
				CLANG_WARN_OBJC_ROOT_CLASS = YES_ERROR;
				CLANG_WARN_RANGE_LOOP_ANALYSIS = YES;
				CLANG_WARN_STRICT_PROTOTYPES = YES;
				CLANG_WARN_SUSPICIOUS_MOVE = YES;
				CLANG_WARN_UNGUARDED_AVAILABILITY = YES_AGGRESSIVE;
				CLANG_WARN_UNREACHABLE_CODE = YES;
				CLANG_WARN__DUPLICATE_METHOD_MATCH = YES;
				CODE_SIGN_IDENTITY = "-";
				COPY_PHASE_STRIP = NO;
				DEBUG_INFORMATION_FORMAT = dwarf;
				ENABLE_STRICT_OBJC_MSGSEND = YES;
				ENABLE_TESTABILITY = YES;
				GCC_C_LANGUAGE_STANDARD = gnu11;
				GCC_DYNAMIC_NO_PIC = NO;
				GCC_NO_COMMON_BLOCKS = YES;
				GCC_OPTIMIZATION_LEVEL = 0;
				GCC_PREPROCESSOR_DEFINITIONS = (
					"DEBUG=1",
					"$(inherited)",
				);
				GCC_WARN_64_TO_32_BIT_CONVERSION = YES;
				GCC_WARN_ABOUT_RETURN_TYPE = YES_ERROR;
				GCC_WARN_UNDECLARED_SELECTOR = YES;
				GCC_WARN_UNINITIALIZED_AUTOS = YES_AGGRESSIVE;
				GCC_WARN_UNUSED_FUNCTION = YES;
				GCC_WARN_UNUSED_VARIABLE = YES;
				MACOSX_DEPLOYMENT_TARGET = 10.14;
				MTL_ENABLE_DEBUG_INFO = INCLUDE_SOURCE;
				MTL_FAST_MATH = YES;
				ONLY_ACTIVE_ARCH = YES;
				SDKROOT = macosx;
				SWIFT_ACTIVE_COMPILATION_CONDITIONS = DEBUG;
				SWIFT_OPTIMIZATION_LEVEL = "-Onone";
				SWIFT_VERSION = 5.0;
			};
			name = Debug;
		};
		C4886F2F2225E29D00387325 /* Release */ = {
			isa = XCBuildConfiguration;
			buildSettings = {
				ALWAYS_SEARCH_USER_PATHS = NO;
				CLANG_ANALYZER_NONNULL = YES;
				CLANG_ANALYZER_NUMBER_OBJECT_CONVERSION = YES_AGGRESSIVE;
				CLANG_CXX_LANGUAGE_STANDARD = "gnu++14";
				CLANG_CXX_LIBRARY = "libc++";
				CLANG_ENABLE_MODULES = YES;
				CLANG_ENABLE_OBJC_ARC = YES;
				CLANG_ENABLE_OBJC_WEAK = YES;
				CLANG_WARN_BLOCK_CAPTURE_AUTORELEASING = YES;
				CLANG_WARN_BOOL_CONVERSION = YES;
				CLANG_WARN_COMMA = YES;
				CLANG_WARN_CONSTANT_CONVERSION = YES;
				CLANG_WARN_DEPRECATED_OBJC_IMPLEMENTATIONS = YES;
				CLANG_WARN_DIRECT_OBJC_ISA_USAGE = YES_ERROR;
				CLANG_WARN_DOCUMENTATION_COMMENTS = YES;
				CLANG_WARN_EMPTY_BODY = YES;
				CLANG_WARN_ENUM_CONVERSION = YES;
				CLANG_WARN_INFINITE_RECURSION = YES;
				CLANG_WARN_INT_CONVERSION = YES;
				CLANG_WARN_NON_LITERAL_NULL_CONVERSION = YES;
				CLANG_WARN_OBJC_IMPLICIT_RETAIN_SELF = YES;
				CLANG_WARN_OBJC_LITERAL_CONVERSION = YES;
				CLANG_WARN_OBJC_ROOT_CLASS = YES_ERROR;
				CLANG_WARN_RANGE_LOOP_ANALYSIS = YES;
				CLANG_WARN_STRICT_PROTOTYPES = YES;
				CLANG_WARN_SUSPICIOUS_MOVE = YES;
				CLANG_WARN_UNGUARDED_AVAILABILITY = YES_AGGRESSIVE;
				CLANG_WARN_UNREACHABLE_CODE = YES;
				CLANG_WARN__DUPLICATE_METHOD_MATCH = YES;
				CODE_SIGN_IDENTITY = "-";
				COPY_PHASE_STRIP = NO;
				DEBUG_INFORMATION_FORMAT = "dwarf-with-dsym";
				ENABLE_NS_ASSERTIONS = NO;
				ENABLE_STRICT_OBJC_MSGSEND = YES;
				GCC_C_LANGUAGE_STANDARD = gnu11;
				GCC_NO_COMMON_BLOCKS = YES;
				GCC_WARN_64_TO_32_BIT_CONVERSION = YES;
				GCC_WARN_ABOUT_RETURN_TYPE = YES_ERROR;
				GCC_WARN_UNDECLARED_SELECTOR = YES;
				GCC_WARN_UNINITIALIZED_AUTOS = YES_AGGRESSIVE;
				GCC_WARN_UNUSED_FUNCTION = YES;
				GCC_WARN_UNUSED_VARIABLE = YES;
				MACOSX_DEPLOYMENT_TARGET = 10.14;
				MTL_ENABLE_DEBUG_INFO = NO;
				MTL_FAST_MATH = YES;
				SDKROOT = macosx;
				SWIFT_COMPILATION_MODE = wholemodule;
				SWIFT_OPTIMIZATION_LEVEL = "-O";
				SWIFT_VERSION = 5.0;
			};
			name = Release;
		};
		C4886F312225E29D00387325 /* Debug */ = {
			isa = XCBuildConfiguration;
			baseConfigurationReference = 5730ADF111F8AE56F3F1708A /* Pods-analyze.debug.xcconfig */;
			buildSettings = {
				CODE_SIGN_STYLE = Automatic;
				LD_RUNPATH_SEARCH_PATHS = (
					"$(TOOLCHAIN_DIR)/usr/lib/swift/macosx",
					"@executable_path",
				);
				MACOSX_DEPLOYMENT_TARGET = 10.14;
				PRODUCT_NAME = "$(TARGET_NAME)";
				SWIFT_VERSION = 5.0;
			};
			name = Debug;
		};
		C4886F322225E29D00387325 /* Release */ = {
			isa = XCBuildConfiguration;
			baseConfigurationReference = 1B7D272290A2FE2403C131BE /* Pods-analyze.release.xcconfig */;
			buildSettings = {
				CODE_SIGN_STYLE = Automatic;
				LD_RUNPATH_SEARCH_PATHS = (
					"$(TOOLCHAIN_DIR)/usr/lib/swift/macosx",
					"@executable_path",
				);
				MACOSX_DEPLOYMENT_TARGET = 10.14;
				PRODUCT_NAME = "$(TARGET_NAME)";
				SWIFT_VERSION = 5.0;
			};
			name = Release;
		};
/* End XCBuildConfiguration section */

/* Begin XCConfigurationList section */
		C4886F242225E29D00387325 /* Build configuration list for PBXProject "analyze" */ = {
			isa = XCConfigurationList;
			buildConfigurations = (
				C4886F2E2225E29D00387325 /* Debug */,
				C4886F2F2225E29D00387325 /* Release */,
			);
			defaultConfigurationIsVisible = 0;
			defaultConfigurationName = Release;
		};
		C4886F302225E29D00387325 /* Build configuration list for PBXNativeTarget "analyze" */ = {
			isa = XCConfigurationList;
			buildConfigurations = (
				C4886F312225E29D00387325 /* Debug */,
				C4886F322225E29D00387325 /* Release */,
			);
			defaultConfigurationIsVisible = 0;
			defaultConfigurationName = Release;
		};
/* End XCConfigurationList section */
	};
	rootObject = C4886F212225E29D00387325 /* Project object */;
}
